# THIS IS AN AUTOGENERATED FILE. DO NOT EDIT THIS FILE DIRECTLY.
# yarn lockfile v1


"@babel/runtime@^7.20.13":
  version "7.29.2"
  resolved "https://registry.yarnpkg.com/@babel/runtime/-/runtime-7.29.2.tgz#9a6e2d05f4b6692e1801cd4fb176ad823930ed5e"
  integrity sha512-JiDShH45zKHWyGe4ZNVRrCjBz8Nh9TMmZG1kh4QTK8hCBTWBi8Da+i7s1fJw7/lYpM4ccepSNfqzZ/QvABBi5g==

"@emnapi/runtime@^1.7.0":
  version "1.10.0"
  resolved "https://registry.yarnpkg.com/@emnapi/runtime/-/runtime-1.10.0.tgz#4b260c0d3534204e98c6110b8db1a987d26ec87c"
  integrity sha512-ewvYlk86xUoGI0zQRNq/mC+16R1QeDlKQy21Ki3oSYXNgLb45GV1P6A0M+/s6nyCuNDqe5VpaY84BzXGwVbwFA==
  dependencies:
    tslib "^2.4.0"

"@floating-ui/core@^1.7.5":
  version "1.7.5"
  resolved "https://registry.yarnpkg.com/@floating-ui/core/-/core-1.7.5.tgz#d4af157a03330af5a60e69da7a4692507ada0622"
  integrity sha512-1Ih4WTWyw0+lKyFMcBHGbb5U5FtuHJuujoyyr5zTaWS5EYMeT6Jb2AuDeftsCsEuchO+mM2ij5+q9crhydzLhQ==
  dependencies:
    "@floating-ui/utils" "^0.2.11"

"@floating-ui/dom@^1.7.6":
  version "1.7.6"
  resolved "https://registry.yarnpkg.com/@floating-ui/dom/-/dom-1.7.6.tgz#f915bba5abbb177e1f227cacee1b4d0634b187bf"
  integrity sha512-9gZSAI5XM36880PPMm//9dfiEngYoC6Am2izES1FF406YFsjvyBMmeJ2g4SAju3xWwtuynNRFL2s9hgxpLI5SQ==
  dependencies:
    "@floating-ui/core" "^1.7.5"
    "@floating-ui/utils" "^0.2.11"

"@floating-ui/react-dom@^2.0.0":
  version "2.1.8"
  resolved "https://registry.yarnpkg.com/@floating-ui/react-dom/-/react-dom-2.1.8.tgz#5fb5a20d10aafb9505f38c24f38d00c8e1598893"
  integrity sha512-cC52bHwM/n/CxS87FH0yWdngEZrjdtLW/qVruo68qg+prK7ZQ4YGdut2GyDVpoGeAYe/h899rVeOVm6Oi40k2A==
  dependencies:
    "@floating-ui/dom" "^1.7.6"

"@floating-ui/utils@^0.2.11":
  version "0.2.11"
  resolved "https://registry.yarnpkg.com/@floating-ui/utils/-/utils-0.2.11.tgz#a269e055e40e2f45873bae9d1a2fdccbd314ea3f"
  integrity sha512-RiB/yIh78pcIxl6lLMG0CgBXAZ2Y0eVHqMPYugu+9U0AeT6YBeiJpf7lbdJNIugFP5SIjwNRgo4DhR1Qxi26Gg==

"@img/colour@^1.0.0":
  version "1.1.0"
  resolved "https://registry.yarnpkg.com/@img/colour/-/colour-1.1.0.tgz#b0c2c2fa661adf75effd6b4964497cd80010bb9d"
  integrity sha512-Td76q7j57o/tLVdgS746cYARfSyxk8iEfRxewL9h4OMzYhbW4TAcppl0mT4eyqXddh6L/jwoM75mo7ixa/pCeQ==

"@img/sharp-darwin-arm64@0.34.5":
  version "0.34.5"
  resolved "https://registry.yarnpkg.com/@img/sharp-darwin-arm64/-/sharp-darwin-arm64-0.34.5.tgz#6e0732dcade126b6670af7aa17060b926835ea86"
  integrity sha512-imtQ3WMJXbMY4fxb/Ndp6HBTNVtWCUI0WdobyheGf5+ad6xX8VIDO8u2xE4qc/fr08CKG/7dDseFtn6M6g/r3w==
  optionalDependencies:
    "@img/sharp-libvips-darwin-arm64" "1.2.4"

"@img/sharp-darwin-x64@0.34.5":
  version "0.34.5"
  resolved "https://registry.yarnpkg.com/@img/sharp-darwin-x64/-/sharp-darwin-x64-0.34.5.tgz#19bc1dd6eba6d5a96283498b9c9f401180ee9c7b"
  integrity sha512-YNEFAF/4KQ/PeW0N+r+aVVsoIY0/qxxikF2SWdp+NRkmMB7y9LBZAVqQ4yhGCm/H3H270OSykqmQMKLBhBJDEw==
  optionalDependencies:
    "@img/sharp-libvips-darwin-x64" "1.2.4"

"@img/sharp-libvips-darwin-arm64@1.2.4":
  version "1.2.4"
  resolved "https://registry.yarnpkg.com/@img/sharp-libvips-darwin-arm64/-/sharp-libvips-darwin-arm64-1.2.4.tgz#2894c0cb87d42276c3889942e8e2db517a492c43"
  integrity sha512-zqjjo7RatFfFoP0MkQ51jfuFZBnVE2pRiaydKJ1G/rHZvnsrHAOcQALIi9sA5co5xenQdTugCvtb1cuf78Vf4g==

"@img/sharp-libvips-darwin-x64@1.2.4":
  version "1.2.4"
  resolved "https://registry.yarnpkg.com/@img/sharp-libvips-darwin-x64/-/sharp-libvips-darwin-x64-1.2.4.tgz#e63681f4539a94af9cd17246ed8881734386f8cc"
  integrity sha512-1IOd5xfVhlGwX+zXv2N93k0yMONvUlANylbJw1eTah8K/Jtpi15KC+WSiaX/nBmbm2HxRM1gZ0nSdjSsrZbGKg==

"@img/sharp-libvips-linux-arm64@1.2.4":
  version "1.2.4"
  resolved "https://registry.yarnpkg.com/@img/sharp-libvips-linux-arm64/-/sharp-libvips-linux-arm64-1.2.4.tgz#b1b288b36864b3bce545ad91fa6dadcf1a4ad318"
  integrity sha512-excjX8DfsIcJ10x1Kzr4RcWe1edC9PquDRRPx3YVCvQv+U5p7Yin2s32ftzikXojb1PIFc/9Mt28/y+iRklkrw==

"@img/sharp-libvips-linux-arm@1.2.4":
  version "1.2.4"
  resolved "https://registry.yarnpkg.com/@img/sharp-libvips-linux-arm/-/sharp-libvips-linux-arm-1.2.4.tgz#b9260dd1ebe6f9e3bdbcbdcac9d2ac125f35852d"
  integrity sha512-bFI7xcKFELdiNCVov8e44Ia4u2byA+l3XtsAj+Q8tfCwO6BQ8iDojYdvoPMqsKDkuoOo+X6HZA0s0q11ANMQ8A==

"@img/sharp-libvips-linux-ppc64@1.2.4":
  version "1.2.4"
  resolved "https://registry.yarnpkg.com/@img/sharp-libvips-linux-ppc64/-/sharp-libvips-linux-ppc64-1.2.4.tgz#4b83ecf2a829057222b38848c7b022e7b4d07aa7"
  integrity sha512-FMuvGijLDYG6lW+b/UvyilUWu5Ayu+3r2d1S8notiGCIyYU/76eig1UfMmkZ7vwgOrzKzlQbFSuQfgm7GYUPpA==

"@img/sharp-libvips-linux-riscv64@1.2.4":
  version "1.2.4"
  resolved "https://registry.yarnpkg.com/@img/sharp-libvips-linux-riscv64/-/sharp-libvips-linux-riscv64-1.2.4.tgz#880b4678009e5a2080af192332b00b0aaf8a48de"
  integrity sha512-oVDbcR4zUC0ce82teubSm+x6ETixtKZBh/qbREIOcI3cULzDyb18Sr/Wcyx7NRQeQzOiHTNbZFF1UwPS2scyGA==

"@img/sharp-libvips-linux-s390x@1.2.4":
  version "1.2.4"
  resolved "https://registry.yarnpkg.com/@img/sharp-libvips-linux-s390x/-/sharp-libvips-linux-s390x-1.2.4.tgz#74f343c8e10fad821b38f75ced30488939dc59ec"
  integrity sha512-qmp9VrzgPgMoGZyPvrQHqk02uyjA0/QrTO26Tqk6l4ZV0MPWIW6LTkqOIov+J1yEu7MbFQaDpwdwJKhbJvuRxQ==

"@img/sharp-libvips-linux-x64@1.2.4":
  version "1.2.4"
  resolved "https://registry.yarnpkg.com/@img/sharp-libvips-linux-x64/-/sharp-libvips-linux-x64-1.2.4.tgz#df4183e8bd8410f7d61b66859a35edeab0a531ce"
  integrity sha512-tJxiiLsmHc9Ax1bz3oaOYBURTXGIRDODBqhveVHonrHJ9/+k89qbLl0bcJns+e4t4rvaNBxaEZsFtSfAdquPrw==

"@img/sharp-libvips-linuxmusl-arm64@1.2.4":
  version "1.2.4"
  resolved "https://registry.yarnpkg.com/@img/sharp-libvips-linuxmusl-arm64/-/sharp-libvips-linuxmusl-arm64-1.2.4.tgz#c8d6b48211df67137541007ee8d1b7b1f8ca8e06"
  integrity sha512-FVQHuwx1IIuNow9QAbYUzJ+En8KcVm9Lk5+uGUQJHaZmMECZmOlix9HnH7n1TRkXMS0pGxIJokIVB9SuqZGGXw==

"@img/sharp-libvips-linuxmusl-x64@1.2.4":
  version "1.2.4"
  resolved "https://registry.yarnpkg.com/@img/sharp-libvips-linuxmusl-x64/-/sharp-libvips-linuxmusl-x64-1.2.4.tgz#be11c75bee5b080cbee31a153a8779448f919f75"
  integrity sha512-+LpyBk7L44ZIXwz/VYfglaX/okxezESc6UxDSoyo2Ks6Jxc4Y7sGjpgU9s4PMgqgjj1gZCylTieNamqA1MF7Dg==

"@img/sharp-linux-arm64@0.34.5":
  version "0.34.5"
  resolved "https://registry.yarnpkg.com/@img/sharp-linux-arm64/-/sharp-linux-arm64-0.34.5.tgz#7aa7764ef9c001f15e610546d42fce56911790cc"
  integrity sha512-bKQzaJRY/bkPOXyKx5EVup7qkaojECG6NLYswgktOZjaXecSAeCWiZwwiFf3/Y+O1HrauiE3FVsGxFg8c24rZg==
  optionalDependencies:
    "@img/sharp-libvips-linux-arm64" "1.2.4"

"@img/sharp-linux-arm@0.34.5":
  version "0.34.5"
  resolved "https://registry.yarnpkg.com/@img/sharp-linux-arm/-/sharp-linux-arm-0.34.5.tgz#5fb0c3695dd12522d39c3ff7a6bc816461780a0d"
  integrity sha512-9dLqsvwtg1uuXBGZKsxem9595+ujv0sJ6Vi8wcTANSFpwV/GONat5eCkzQo/1O6zRIkh0m/8+5BjrRr7jDUSZw==
  optionalDependencies:
    "@img/sharp-libvips-linux-arm" "1.2.4"

"@img/sharp-linux-ppc64@0.34.5":
  version "0.34.5"
  resolved "https://registry.yarnpkg.com/@img/sharp-linux-ppc64/-/sharp-linux-ppc64-0.34.5.tgz#9c213a81520a20caf66978f3d4c07456ff2e0813"
  integrity sha512-7zznwNaqW6YtsfrGGDA6BRkISKAAE1Jo0QdpNYXNMHu2+0dTrPflTLNkpc8l7MUP5M16ZJcUvysVWWrMefZquA==
  optionalDependencies:
    "@img/sharp-libvips-linux-ppc64" "1.2.4"

"@img/sharp-linux-riscv64@0.34.5":
  version "0.34.5"
  resolved "https://registry.yarnpkg.com/@img/sharp-linux-riscv64/-/sharp-linux-riscv64-0.34.5.tgz#cdd28182774eadbe04f62675a16aabbccb833f60"
  integrity sha512-51gJuLPTKa7piYPaVs8GmByo7/U7/7TZOq+cnXJIHZKavIRHAP77e3N2HEl3dgiqdD/w0yUfiJnII77PuDDFdw==
  optionalDependencies:
    "@img/sharp-libvips-linux-riscv64" "1.2.4"

"@img/sharp-linux-s390x@0.34.5":
  version "0.34.5"
  resolved "https://registry.yarnpkg.com/@img/sharp-linux-s390x/-/sharp-linux-s390x-0.34.5.tgz#93eac601b9f329bb27917e0e19098c722d630df7"
  integrity sha512-nQtCk0PdKfho3eC5MrbQoigJ2gd1CgddUMkabUj+rBevs8tZ2cULOx46E7oyX+04WGfABgIwmMC0VqieTiR4jg==
  optionalDependencies:
    "@img/sharp-libvips-linux-s390x" "1.2.4"

"@img/sharp-linux-x64@0.34.5":
  version "0.34.5"
  resolved "https://registry.yarnpkg.com/@img/sharp-linux-x64/-/sharp-linux-x64-0.34.5.tgz#55abc7cd754ffca5002b6c2b719abdfc846819a8"
  integrity sha512-MEzd8HPKxVxVenwAa+JRPwEC7QFjoPWuS5NZnBt6B3pu7EG2Ge0id1oLHZpPJdn3OQK+BQDiw9zStiHBTJQQQQ==
  optionalDependencies:
    "@img/sharp-libvips-linux-x64" "1.2.4"

"@img/sharp-linuxmusl-arm64@0.34.5":
  version "0.34.5"
  resolved "https://registry.yarnpkg.com/@img/sharp-linuxmusl-arm64/-/sharp-linuxmusl-arm64-0.34.5.tgz#d6515ee971bb62f73001a4829b9d865a11b77086"
  integrity sha512-fprJR6GtRsMt6Kyfq44IsChVZeGN97gTD331weR1ex1c1rypDEABN6Tm2xa1wE6lYb5DdEnk03NZPqA7Id21yg==
  optionalDependencies:
    "@img/sharp-libvips-linuxmusl-arm64" "1.2.4"

"@img/sharp-linuxmusl-x64@0.34.5":
  version "0.34.5"
  resolved "https://registry.yarnpkg.com/@img/sharp-linuxmusl-x64/-/sharp-linuxmusl-x64-0.34.5.tgz#d97978aec7c5212f999714f2f5b736457e12ee9f"
  integrity sha512-Jg8wNT1MUzIvhBFxViqrEhWDGzqymo3sV7z7ZsaWbZNDLXRJZoRGrjulp60YYtV4wfY8VIKcWidjojlLcWrd8Q==
  optionalDependencies:
    "@img/sharp-libvips-linuxmusl-x64" "1.2.4"

"@img/sharp-wasm32@0.34.5":
  version "0.34.5"
  resolved "https://registry.yarnpkg.com/@img/sharp-wasm32/-/sharp-wasm32-0.34.5.tgz#2f15803aa626f8c59dd7c9d0bbc766f1ab52cfa0"
  integrity sha512-OdWTEiVkY2PHwqkbBI8frFxQQFekHaSSkUIJkwzclWZe64O1X4UlUjqqqLaPbUpMOQk6FBu/HtlGXNblIs0huw==
  dependencies:
    "@emnapi/runtime" "^1.7.0"

"@img/sharp-win32-arm64@0.34.5":
  version "0.34.5"
  resolved "https://registry.yarnpkg.com/@img/sharp-win32-arm64/-/sharp-win32-arm64-0.34.5.tgz#3706e9e3ac35fddfc1c87f94e849f1b75307ce0a"
  integrity sha512-WQ3AgWCWYSb2yt+IG8mnC6Jdk9Whs7O0gxphblsLvdhSpSTtmu69ZG1Gkb6NuvxsNACwiPV6cNSZNzt0KPsw7g==

"@img/sharp-win32-ia32@0.34.5":
  version "0.34.5"
  resolved "https://registry.yarnpkg.com/@img/sharp-win32-ia32/-/sharp-win32-ia32-0.34.5.tgz#0b71166599b049e032f085fb9263e02f4e4788de"
  integrity sha512-FV9m/7NmeCmSHDD5j4+4pNI8Cp3aW+JvLoXcTUo0IqyjSfAZJ8dIUmijx1qaJsIiU+Hosw6xM5KijAWRJCSgNg==

"@img/sharp-win32-x64@0.34.5":
  version "0.34.5"
  resolved "https://registry.yarnpkg.com/@img/sharp-win32-x64/-/sharp-win32-x64-0.34.5.tgz#a81ffb00e69267cd0a1d626eaedb8a8430b2b2f8"
  integrity sha512-+29YMsqY2/9eFEiW93eqWnuLcWcufowXewwSNIT6UwZdUUCrM3oFjMWH/Z6/TMmb4hlFenmfAVbpWeup2jryCw==

"@next/env@15.5.15":
  version "15.5.15"
  resolved "https://registry.yarnpkg.com/@next/env/-/env-15.5.15.tgz#24b29b94852da52dd8e10f3ea0382a3ddb8733a6"
  integrity sha512-vcmyu5/MyFzN7CdqRHO3uHO44p/QPCZkuTUXroeUmhNP8bL5PHFEhik22JUazt+CDDoD6EpBYRCaS2pISL+/hg==

"@next/swc-darwin-arm64@15.5.15":
  version "15.5.15"
  resolved "https://registry.yarnpkg.com/@next/swc-darwin-arm64/-/swc-darwin-arm64-15.5.15.tgz#c8de0985b21b6914c17097d548dbf9b95e12bc57"
  integrity sha512-6PvFO2Tzt10GFK2Ro9tAVEtacMqRmTarYMFKAnV2vYMdwWc73xzmDQyAV7SwEdMhzmiRoo7+m88DuiXlJlGeaw==

"@next/swc-darwin-x64@15.5.15":
  version "15.5.15"
  resolved "https://registry.yarnpkg.com/@next/swc-darwin-x64/-/swc-darwin-x64-15.5.15.tgz#e237a2c7991e729a8b5051e019b3ea1ea16a9071"
  integrity sha512-G+YNV+z6FDZTp/+IdGyIMFqalBTaQSnvAA+X/hrt+eaTRFSznRMz9K7rTmzvM6tDmKegNtyzgufZW0HwVzEqaQ==

"@next/swc-linux-arm64-gnu@15.5.15":
  version "15.5.15"
  resolved "https://registry.yarnpkg.com/@next/swc-linux-arm64-gnu/-/swc-linux-arm64-gnu-15.5.15.tgz#d9e52844ec5585c75ec23e9eb9b2a1b4ab37780c"
  integrity sha512-eVkrMcVIBqGfXB+QUC7jjZ94Z6uX/dNStbQFabewAnk13Uy18Igd1YZ/GtPRzdhtm7QwC0e6o7zOQecul4iC1w==

"@next/swc-linux-arm64-musl@15.5.15":
  version "15.5.15"
  resolved "https://registry.yarnpkg.com/@next/swc-linux-arm64-musl/-/swc-linux-arm64-musl-15.5.15.tgz#4f727669c0070bafc8ace8686600c49b9d4de777"
  integrity sha512-RwSHKMQ7InLy5GfkY2/n5PcFycKA08qI1VST78n09nN36nUPqCvGSMiLXlfUmzmpQpF6XeBYP2KRWHi0UW3uNg==

"@next/swc-linux-x64-gnu@15.5.15":
  version "15.5.15"
  resolved "https://registry.yarnpkg.com/@next/swc-linux-x64-gnu/-/swc-linux-x64-gnu-15.5.15.tgz#25435233caf9bb60e3be3e7291f0c2e7b9424e4e"
  integrity sha512-nplqvY86LakS+eeiuWsNWvfmK8pFcOEW7ZtVRt4QH70lL+0x6LG/m1OpJ/tvrbwjmR8HH9/fH2jzW1GlL03TIg==

"@next/swc-linux-x64-musl@15.5.15":
  version "15.5.15"
  resolved "https://registry.yarnpkg.com/@next/swc-linux-x64-musl/-/swc-linux-x64-musl-15.5.15.tgz#951dab9e9679365cbeb6dd88d3c77e840a4c14ae"
  integrity sha512-eAgl9NKQ84/sww0v81DQINl/vL2IBxD7sMybd0cWRw6wqgouVI53brVRBrggqBRP/NWeIAE1dm5cbKYoiMlqDQ==

"@next/swc-win32-arm64-msvc@15.5.15":
  version "15.5.15"
  resolved "https://registry.yarnpkg.com/@next/swc-win32-arm64-msvc/-/swc-win32-arm64-msvc-15.5.15.tgz#36d4c6df0ac194a5d3cc2e7f16c62a5b31ab0671"
  integrity sha512-GJVZC86lzSquh0MtvZT+L7G8+jMnJcldloOjA8Kf3wXvBrvb6OGe2MzPuALxFshSm/IpwUtD2mIoof39ymf52A==

"@next/swc-win32-x64-msvc@15.5.15":
  version "15.5.15"
  resolved "https://registry.yarnpkg.com/@next/swc-win32-x64-msvc/-/swc-win32-x64-msvc-15.5.15.tgz#d2ad3b9506c761ed07297acaeb00fb2c694c41f8"
  integrity sha512-nFucjVdwlFqxh/JG3hWSJ4p8+YJV7Ii8aPDuBQULB6DzUF4UNZETXLfEUk+oI2zEznWWULPt7MeuTE6xtK1HSA==

"@panva/hkdf@^1.0.2":
  version "1.2.1"
  resolved "https://registry.yarnpkg.com/@panva/hkdf/-/hkdf-1.2.1.tgz#cb0d111ef700136f4580349ff0226bf25c853f23"
  integrity sha512-6oclG6Y3PiDFcoyk8srjLfVKyMfVCKJ27JwNPViuXziFpmdz+MZnZN/aKY0JGXgYuO/VghU0jcOAZgWXZ1Dmrw==

"@radix-ui/primitive@1.1.3":
  version "1.1.3"
  resolved "https://registry.yarnpkg.com/@radix-ui/primitive/-/primitive-1.1.3.tgz#e2dbc13bdc5e4168f4334f75832d7bdd3e2de5ba"
  integrity sha512-JTF99U/6XIjCBo0wqkU5sK10glYe27MRRsfwoiq5zzOEZLHU3A3KCMa5X/azekYRCJ0HlwI0crAXS/5dEHTzDg==

"@radix-ui/react-arrow@1.1.7":
  version "1.1.7"
  resolved "https://registry.yarnpkg.com/@radix-ui/react-arrow/-/react-arrow-1.1.7.tgz#e14a2657c81d961598c5e72b73dd6098acc04f09"
  integrity sha512-F+M1tLhO+mlQaOWspE8Wstg+z6PwxwRd8oQ8IXceWz92kfAmalTRf0EjrouQeo7QssEPfCn05B4Ihs1K9WQ/7w==
  dependencies:
    "@radix-ui/react-primitive" "2.1.3"

"@radix-ui/react-collection@1.1.7":
  version "1.1.7"
  resolved "https://registry.yarnpkg.com/@radix-ui/react-collection/-/react-collection-1.1.7.tgz#d05c25ca9ac4695cc19ba91f42f686e3ea2d9aec"
  integrity sha512-Fh9rGN0MoI4ZFUNyfFVNU4y9LUz93u9/0K+yLgA2bwRojxM8JU1DyvvMBabnZPBgMWREAJvU2jjVzq+LrFUglw==
  dependencies:
    "@radix-ui/react-compose-refs" "1.1.2"
    "@radix-ui/react-context" "1.1.2"
    "@radix-ui/react-primitive" "2.1.3"
    "@radix-ui/react-slot" "1.2.3"

"@radix-ui/react-compose-refs@1.1.2":
  version "1.1.2"
  resolved "https://registry.yarnpkg.com/@radix-ui/react-compose-refs/-/react-compose-refs-1.1.2.tgz#a2c4c47af6337048ee78ff6dc0d090b390d2bb30"
  integrity sha512-z4eqJvfiNnFMHIIvXP3CY57y2WJs5g2v3X0zm9mEJkrkNv4rDxu+sg9Jh8EkXyeqBkB7SOcboo9dMVqhyrACIg==

"@radix-ui/react-context@1.1.2":
  version "1.1.2"
  resolved "https://registry.yarnpkg.com/@radix-ui/react-context/-/react-context-1.1.2.tgz#61628ef269a433382c364f6f1e3788a6dc213a36"
  integrity sha512-jCi/QKUM2r1Ju5a3J64TH2A5SpKAgh0LpknyqdQ4m6DCV0xJ2HG1xARRwNGPQfi1SLdLWZ1OJz6F4OMBBNiGJA==

"@radix-ui/react-direction@1.1.1":
  version "1.1.1"
  resolved "https://registry.yarnpkg.com/@radix-ui/react-direction/-/react-direction-1.1.1.tgz#39e5a5769e676c753204b792fbe6cf508e550a14"
  integrity sha512-1UEWRX6jnOA2y4H5WczZ44gOOjTEmlqv1uNW4GAJEO5+bauCBhv8snY65Iw5/VOS/ghKN9gr2KjnLKxrsvoMVw==

"@radix-ui/react-dismissable-layer@1.1.11":
  version "1.1.11"
  resolved "https://registry.yarnpkg.com/@radix-ui/react-dismissable-layer/-/react-dismissable-layer-1.1.11.tgz#e33ab6f6bdaa00f8f7327c408d9f631376b88b37"
  integrity sha512-Nqcp+t5cTB8BinFkZgXiMJniQH0PsUt2k51FUhbdfeKvc4ACcG2uQniY/8+h1Yv6Kza4Q7lD7PQV0z0oicE0Mg==
  dependencies:
    "@radix-ui/primitive" "1.1.3"
    "@radix-ui/react-compose-refs" "1.1.2"
    "@radix-ui/react-primitive" "2.1.3"
    "@radix-ui/react-use-callback-ref" "1.1.1"
    "@radix-ui/react-use-escape-keydown" "1.1.1"

"@radix-ui/react-dropdown-menu@^2.1.16":
  version "2.1.16"
  resolved "https://registry.yarnpkg.com/@radix-ui/react-dropdown-menu/-/react-dropdown-menu-2.1.16.tgz#5ee045c62bad8122347981c479d92b1ff24c7254"
  integrity sha512-1PLGQEynI/3OX/ftV54COn+3Sud/Mn8vALg2rWnBLnRaGtJDduNW/22XjlGgPdpcIbiQxjKtb7BkcjP00nqfJw==
  dependencies:
    "@radix-ui/primitive" "1.1.3"
    "@radix-ui/react-compose-refs" "1.1.2"
    "@radix-ui/react-context" "1.1.2"
    "@radix-ui/react-id" "1.1.1"
    "@radix-ui/react-menu" "2.1.16"
    "@radix-ui/react-primitive" "2.1.3"
    "@radix-ui/react-use-controllable-state" "1.2.2"

"@radix-ui/react-focus-guards@1.1.3":
  version "1.1.3"
  resolved "https://registry.yarnpkg.com/@radix-ui/react-focus-guards/-/react-focus-guards-1.1.3.tgz#2a5669e464ad5fde9f86d22f7fdc17781a4dfa7f"
  integrity sha512-0rFg/Rj2Q62NCm62jZw0QX7a3sz6QCQU0LpZdNrJX8byRGaGVTqbrW9jAoIAHyMQqsNpeZ81YgSizOt5WXq0Pw==

"@radix-ui/react-focus-scope@1.1.7":
  version "1.1.7"
  resolved "https://registry.yarnpkg.com/@radix-ui/react-focus-scope/-/react-focus-scope-1.1.7.tgz#dfe76fc103537d80bf42723a183773fd07bfb58d"
  integrity sha512-t2ODlkXBQyn7jkl6TNaw/MtVEVvIGelJDCG41Okq/KwUsJBwQ4XVZsHAVUkK4mBv3ewiAS3PGuUWuY2BoK4ZUw==
  dependencies:
    "@radix-ui/react-compose-refs" "1.1.2"
    "@radix-ui/react-primitive" "2.1.3"
    "@radix-ui/react-use-callback-ref" "1.1.1"

"@radix-ui/react-id@1.1.1":
  version "1.1.1"
  resolved "https://registry.yarnpkg.com/@radix-ui/react-id/-/react-id-1.1.1.tgz#1404002e79a03fe062b7e3864aa01e24bd1471f7"
  integrity sha512-kGkGegYIdQsOb4XjsfM97rXsiHaBwco+hFI66oO4s9LU+PLAC5oJ7khdOVFxkhsmlbpUqDAvXw11CluXP+jkHg==
  dependencies:
    "@radix-ui/react-use-layout-effect" "1.1.1"

"@radix-ui/react-menu@2.1.16":
  version "2.1.16"
  resolved "https://registry.yarnpkg.com/@radix-ui/react-menu/-/react-menu-2.1.16.tgz#528a5a973c3a7413d3d49eb9ccd229aa52402911"
  integrity sha512-72F2T+PLlphrqLcAotYPp0uJMr5SjP5SL01wfEspJbru5Zs5vQaSHb4VB3ZMJPimgHHCHG7gMOeOB9H3Hdmtxg==
  dependencies:
    "@radix-ui/primitive" "1.1.3"
    "@radix-ui/react-collection" "1.1.7"
    "@radix-ui/react-compose-refs" "1.1.2"
    "@radix-ui/react-context" "1.1.2"
    "@radix-ui/react-direction" "1.1.1"
    "@radix-ui/react-dismissable-layer" "1.1.11"
    "@radix-ui/react-focus-guards" "1.1.3"
    "@radix-ui/react-focus-scope" "1.1.7"
    "@radix-ui/react-id" "1.1.1"
    "@radix-ui/react-popper" "1.2.8"
    "@radix-ui/react-portal" "1.1.9"
    "@radix-ui/react-presence" "1.1.5"
    "@radix-ui/react-primitive" "2.1.3"
    "@radix-ui/react-roving-focus" "1.1.11"
    "@radix-ui/react-slot" "1.2.3"
    "@radix-ui/react-use-callback-ref" "1.1.1"
    aria-hidden "^1.2.4"
    react-remove-scroll "^2.6.3"

"@radix-ui/react-popper@1.2.8":
  version "1.2.8"
  resolved "https://registry.yarnpkg.com/@radix-ui/react-popper/-/react-popper-1.2.8.tgz#a79f39cdd2b09ab9fb50bf95250918422c4d9602"
  integrity sha512-0NJQ4LFFUuWkE7Oxf0htBKS6zLkkjBH+hM1uk7Ng705ReR8m/uelduy1DBo0PyBXPKVnBA6YBlU94MBGXrSBCw==
  dependencies:
    "@floating-ui/react-dom" "^2.0.0"
    "@radix-ui/react-arrow" "1.1.7"
    "@radix-ui/react-compose-refs" "1.1.2"
    "@radix-ui/react-context" "1.1.2"
    "@radix-ui/react-primitive" "2.1.3"
    "@radix-ui/react-use-callback-ref" "1.1.1"
    "@radix-ui/react-use-layout-effect" "1.1.1"
    "@radix-ui/react-use-rect" "1.1.1"
    "@radix-ui/react-use-size" "1.1.1"
    "@radix-ui/rect" "1.1.1"

"@radix-ui/react-portal@1.1.9":
  version "1.1.9"
  resolved "https://registry.yarnpkg.com/@radix-ui/react-portal/-/react-portal-1.1.9.tgz#14c3649fe48ec474ac51ed9f2b9f5da4d91c4472"
  integrity sha512-bpIxvq03if6UNwXZ+HTK71JLh4APvnXntDc6XOX8UVq4XQOVl7lwok0AvIl+b8zgCw3fSaVTZMpAPPagXbKmHQ==
  dependencies:
    "@radix-ui/react-primitive" "2.1.3"
    "@radix-ui/react-use-layout-effect" "1.1.1"

"@radix-ui/react-presence@1.1.5":
  version "1.1.5"
  resolved "https://registry.yarnpkg.com/@radix-ui/react-presence/-/react-presence-1.1.5.tgz#5d8f28ac316c32f078afce2996839250c10693db"
  integrity sha512-/jfEwNDdQVBCNvjkGit4h6pMOzq8bHkopq458dPt2lMjx+eBQUohZNG9A7DtO/O5ukSbxuaNGXMjHicgwy6rQQ==
  dependencies:
    "@radix-ui/react-compose-refs" "1.1.2"
    "@radix-ui/react-use-layout-effect" "1.1.1"

"@radix-ui/react-primitive@2.1.3":
  version "2.1.3"
  resolved "https://registry.yarnpkg.com/@radix-ui/react-primitive/-/react-primitive-2.1.3.tgz#db9b8bcff49e01be510ad79893fb0e4cda50f1bc"
  integrity sha512-m9gTwRkhy2lvCPe6QJp4d3G1TYEUHn/FzJUtq9MjH46an1wJU+GdoGC5VLof8RX8Ft/DlpshApkhswDLZzHIcQ==
  dependencies:
    "@radix-ui/react-slot" "1.2.3"

"@radix-ui/react-roving-focus@1.1.11":
  version "1.1.11"
  resolved "https://registry.yarnpkg.com/@radix-ui/react-roving-focus/-/react-roving-focus-1.1.11.tgz#ef54384b7361afc6480dcf9907ef2fedb5080fd9"
  integrity sha512-7A6S9jSgm/S+7MdtNDSb+IU859vQqJ/QAtcYQcfFC6W8RS4IxIZDldLR0xqCFZ6DCyrQLjLPsxtTNch5jVA4lA==
  dependencies:
    "@radix-ui/primitive" "1.1.3"
    "@radix-ui/react-collection" "1.1.7"
    "@radix-ui/react-compose-refs" "1.1.2"
    "@radix-ui/react-context" "1.1.2"
    "@radix-ui/react-direction" "1.1.1"
    "@radix-ui/react-id" "1.1.1"
    "@radix-ui/react-primitive" "2.1.3"
    "@radix-ui/react-use-callback-ref" "1.1.1"
    "@radix-ui/react-use-controllable-state" "1.2.2"

"@radix-ui/react-slot@1.2.3":
  version "1.2.3"
  resolved "https://registry.yarnpkg.com/@radix-ui/react-slot/-/react-slot-1.2.3.tgz#502d6e354fc847d4169c3bc5f189de777f68cfe1"
  integrity sha512-aeNmHnBxbi2St0au6VBVC7JXFlhLlOnvIIlePNniyUNAClzmtAUEY8/pBiK3iHjufOlwA+c20/8jngo7xcrg8A==
  dependencies:
    "@radix-ui/react-compose-refs" "1.1.2"

"@radix-ui/react-use-callback-ref@1.1.1":
  version "1.1.1"
  resolved "https://registry.yarnpkg.com/@radix-ui/react-use-callback-ref/-/react-use-callback-ref-1.1.1.tgz#62a4dba8b3255fdc5cc7787faeac1c6e4cc58d40"
  integrity sha512-FkBMwD+qbGQeMu1cOHnuGB6x4yzPjho8ap5WtbEJ26umhgqVXbhekKUQO+hZEL1vU92a3wHwdp0HAcqAUF5iDg==

"@radix-ui/react-use-controllable-state@1.2.2":
  version "1.2.2"
  resolved "https://registry.yarnpkg.com/@radix-ui/react-use-controllable-state/-/react-use-controllable-state-1.2.2.tgz#905793405de57d61a439f4afebbb17d0645f3190"
  integrity sha512-BjasUjixPFdS+NKkypcyyN5Pmg83Olst0+c6vGov0diwTEo6mgdqVR6hxcEgFuh4QrAs7Rc+9KuGJ9TVCj0Zzg==
  dependencies:
    "@radix-ui/react-use-effect-event" "0.0.2"
    "@radix-ui/react-use-layout-effect" "1.1.1"

"@radix-ui/react-use-effect-event@0.0.2":
  version "0.0.2"
  resolved "https://registry.yarnpkg.com/@radix-ui/react-use-effect-event/-/react-use-effect-event-0.0.2.tgz#090cf30d00a4c7632a15548512e9152217593907"
  integrity sha512-Qp8WbZOBe+blgpuUT+lw2xheLP8q0oatc9UpmiemEICxGvFLYmHm9QowVZGHtJlGbS6A6yJ3iViad/2cVjnOiA==
  dependencies:
    "@radix-ui/react-use-layout-effect" "1.1.1"

"@radix-ui/react-use-escape-keydown@1.1.1":
  version "1.1.1"
  resolved "https://registry.yarnpkg.com/@radix-ui/react-use-escape-keydown/-/react-use-escape-keydown-1.1.1.tgz#b3fed9bbea366a118f40427ac40500aa1423cc29"
  integrity sha512-Il0+boE7w/XebUHyBjroE+DbByORGR9KKmITzbR7MyQ4akpORYP/ZmbhAr0DG7RmmBqoOnZdy2QlvajJ2QA59g==
  dependencies:
    "@radix-ui/react-use-callback-ref" "1.1.1"

"@radix-ui/react-use-layout-effect@1.1.1":
  version "1.1.1"
  resolved "https://registry.yarnpkg.com/@radix-ui/react-use-layout-effect/-/react-use-layout-effect-1.1.1.tgz#0c4230a9eed49d4589c967e2d9c0d9d60a23971e"
  integrity sha512-RbJRS4UWQFkzHTTwVymMTUv8EqYhOp8dOOviLj2ugtTiXRaRQS7GLGxZTLL1jWhMeoSCf5zmcZkqTl9IiYfXcQ==

"@radix-ui/react-use-rect@1.1.1":
  version "1.1.1"
  resolved "https://registry.yarnpkg.com/@radix-ui/react-use-rect/-/react-use-rect-1.1.1.tgz#01443ca8ed071d33023c1113e5173b5ed8769152"
  integrity sha512-QTYuDesS0VtuHNNvMh+CjlKJ4LJickCMUAqjlE3+j8w+RlRpwyX3apEQKGFzbZGdo7XNG1tXa+bQqIE7HIXT2w==
  dependencies:
    "@radix-ui/rect" "1.1.1"

"@radix-ui/react-use-size@1.1.1":
  version "1.1.1"
  resolved "https://registry.yarnpkg.com/@radix-ui/react-use-size/-/react-use-size-1.1.1.tgz#6de276ffbc389a537ffe4316f5b0f24129405b37"
  integrity sha512-ewrXRDTAqAXlkl6t/fkXWNAhFX9I+CkKlw6zjEwk86RSPKwZr3xpBRso655aqYafwtnbpHLj6toFzmd6xdVptQ==
  dependencies:
    "@radix-ui/react-use-layout-effect" "1.1.1"

"@radix-ui/rect@1.1.1":
  version "1.1.1"
  resolved "https://registry.yarnpkg.com/@radix-ui/rect/-/rect-1.1.1.tgz#78244efe12930c56fd255d7923865857c41ac8cb"
  integrity sha512-HPwpGIzkl28mWyZqG52jiqDJ12waP11Pa1lGoiyUkIEuMLBP0oeK/C89esbXrxsky5we7dfd8U58nm0SgAWpVw==

"@swc/helpers@0.5.15":
  version "0.5.15"
  resolved "https://registry.yarnpkg.com/@swc/helpers/-/helpers-0.5.15.tgz#79efab344c5819ecf83a43f3f9f811fc84b516d7"
  integrity sha512-JQ5TuMi45Owi4/BIMAJBoSQoOJu12oOk/gADqlcUL9JEdHB8vyjUSsxqeNXnmXHjYKMi2WcYtezGEEhqUI/E2g==
  dependencies:
    tslib "^2.8.0"

"@tanstack/query-core@5.100.9":
  version "5.100.9"
  resolved "https://registry.yarnpkg.com/@tanstack/query-core/-/query-core-5.100.9.tgz#dcf44ef25cf42a4da229bcab1d8d33e80a740a99"
  integrity sha512-SJSFw1S8+kQ0+knv/XGfrbocWoAlT7vDKsSImtLx3ZPQmEcR46hkDjLSvynSy25N8Ms4tIEini1FuBd5k7IscQ==

"@tanstack/react-query@^5.100.9":
  version "5.100.9"
  resolved "https://registry.yarnpkg.com/@tanstack/react-query/-/react-query-5.100.9.tgz#0c701bf56f38b484602255a92d4c9e452a04807d"
  integrity sha512-Oa44XkaI3kCNN6ME0KByU3xT3SEUNOMfZpHxL6+wFoTm+OeUFYHKdeYVe0aOXlRDm/f15sgLwEt2HDorIdW8+A==
  dependencies:
    "@tanstack/query-core" "5.100.9"

"@types/node@^22.10.0":
  version "22.19.17"
  resolved "https://registry.yarnpkg.com/@types/node/-/node-22.19.17.tgz#09c71fb34ba2510f8ac865361b1fcb9552b8a581"
  integrity sha512-wGdMcf+vPYM6jikpS/qhg6WiqSV/OhG+jeeHT/KlVqxYfD40iYJf9/AE1uQxVWFvU7MipKRkRv8NSHiCGgPr8Q==
  dependencies:
    undici-types "~6.21.0"

"@types/react-dom@^19.0.0":
  version "19.2.3"
  resolved "https://registry.yarnpkg.com/@types/react-dom/-/react-dom-19.2.3.tgz#c1e305d15a52a3e508d54dca770d202cb63abf2c"
  integrity sha512-jp2L/eY6fn+KgVVQAOqYItbF0VY/YApe5Mz2F0aykSO8gx31bYCZyvSeYxCHKvzHG5eZjc+zyaS5BrBWya2+kQ==

"@types/react@^19.0.0":
  version "19.2.14"
  resolved "https://registry.yarnpkg.com/@types/react/-/react-19.2.14.tgz#39604929b5e3957e3a6fa0001dafb17c7af70bad"
  integrity sha512-ilcTH/UniCkMdtexkoCN0bI7pMcJDvmQFPvuPvmEaYA/NSfFTAgdUSLAoVjaRJm7+6PvcM+q1zYOwS4wTYMF9w==
  dependencies:
    csstype "^3.2.2"

aria-hidden@^1.2.4:
  version "1.2.6"
  resolved "https://registry.yarnpkg.com/aria-hidden/-/aria-hidden-1.2.6.tgz#73051c9b088114c795b1ea414e9c0fff874ffc1a"
  integrity sha512-ik3ZgC9dY/lYVVM++OISsaYDeg1tb0VtP5uL3ouh1koGOaUMDPpbFIei4JkFimWUFPn90sbMNMXQAIVOlnYKJA==
  dependencies:
    tslib "^2.0.0"

caniuse-lite@^1.0.30001579:
  version "1.0.30001791"
  resolved "https://registry.yarnpkg.com/caniuse-lite/-/caniuse-lite-1.0.30001791.tgz#dfb93d85c40ad380c57123e72e10f3c575786b51"
  integrity sha512-yk0l/YSrOnFZk3UROpDLQD9+kC1l4meK/wed583AXrzoarMGJcbRi2Q4RaUYbKxYAsZ8sWmaSa/DsLmdBeI1vQ==

client-only@0.0.1:
  version "0.0.1"
  resolved "https://registry.yarnpkg.com/client-only/-/client-only-0.0.1.tgz#38bba5d403c41ab150bff64a95c85013cf73bca1"
  integrity sha512-IV3Ou0jSMzZrd3pZ48nLkT9DA7Ag1pnPzaiQhpW7c3RbcqqzvzzVu+L8gfqMp/8IM2MQtSiqaCxrrcfu8I8rMA==

cookie@^0.7.0:
  version "0.7.2"
  resolved "https://registry.yarnpkg.com/cookie/-/cookie-0.7.2.tgz#556369c472a2ba910f2979891b526b3436237ed7"
  integrity sha512-yki5XnKuf750l50uGTllt6kKILY4nQ1eNIQatoXEByZ5dWgnKqbnqmTrBE5B4N7lrMJKQ2ytWMiTO2o0v6Ew/w==

csstype@^3.2.2:
  version "3.2.3"
  resolved "https://registry.yarnpkg.com/csstype/-/csstype-3.2.3.tgz#ec48c0f3e993e50648c86da559e2610995cf989a"
  integrity sha512-z1HGKcYy2xA8AGQfwrn0PAy+PB7X/GSj3UVJW9qKyn43xWa+gl5nXmU4qqLMRzWVLFC8KusUX8T/0kCiOYpAIQ==

detect-libc@^2.1.2:
  version "2.1.2"
  resolved "https://registry.yarnpkg.com/detect-libc/-/detect-libc-2.1.2.tgz#689c5dcdc1900ef5583a4cb9f6d7b473742074ad"
  integrity sha512-Btj2BOOO83o3WyH59e8MgXsxEQVcarkUOpEYrubB0urwnN10yQ364rsiByU11nZlqWYZm05i/of7io4mzihBtQ==

detect-node-es@^1.1.0:
  version "1.1.0"
  resolved "https://registry.yarnpkg.com/detect-node-es/-/detect-node-es-1.1.0.tgz#163acdf643330caa0b4cd7c21e7ee7755d6fa493"
  integrity sha512-ypdmJU/TbBby2Dxibuv7ZLW3Bs1QEmM7nHjEANfohJLvE0XVujisn1qPJcZxg+qDucsr+bP6fLD1rPS3AhJ7EQ==

get-nonce@^1.0.0:
  version "1.0.1"
  resolved "https://registry.yarnpkg.com/get-nonce/-/get-nonce-1.0.1.tgz#fdf3f0278073820d2ce9426c18f07481b1e0cdf3"
  integrity sha512-FJhYRoDaiatfEkUK8HKlicmu/3SGFD51q3itKDGoSTysQJBnfOcxU5GxnhE1E6soB76MbT0MBtnKJuXyAx+96Q==

jose@^4.15.5, jose@^4.15.9:
  version "4.15.9"
  resolved "https://registry.yarnpkg.com/jose/-/jose-4.15.9.tgz#9b68eda29e9a0614c042fa29387196c7dd800100"
  integrity sha512-1vUQX+IdDMVPj4k8kOxgUqlcK518yluMuGZwqlr44FS1ppZB/5GWh4rZG89erpOBOJjU/OBsnCVFfapsRz6nEA==

lru-cache@^6.0.0:
  version "6.0.0"
  resolved "https://registry.yarnpkg.com/lru-cache/-/lru-cache-6.0.0.tgz#6d6fe6570ebd96aaf90fcad1dafa3b2566db3a94"
  integrity sha512-Jo6dJ04CmSjuznwJSS3pUeWmd/H0ffTlkXXgwZi+eq1UCmqQwCh+eLsYOYCwY991i2Fah4h1BEMCx4qThGbsiA==
  dependencies:
    yallist "^4.0.0"

nanoid@^3.3.6:
  version "3.3.12"
  resolved "https://registry.yarnpkg.com/nanoid/-/nanoid-3.3.12.tgz#ab3d912e217a6d0a514f00a72a16543a28982c05"
  integrity sha512-ZB9RH/39qpq5Vu6Y+NmUaFhQR6pp+M2Xt76XBnEwDaGcVAqhlvxrl3B2bKS5D3NH3QR76v3aSrKaF/Kiy7lEtQ==

next-auth@^4.24.14:
  version "4.24.14"
  resolved "https://registry.yarnpkg.com/next-auth/-/next-auth-4.24.14.tgz#c14916e215f8f4aef2358e694bd14c40212139b2"
  integrity sha512-YRz6xFDXKUwiXSMMChbrBEWyFktZ1qZXEgeSHQQ3nsy08B4c/xLk6REeutRsIFwkjY/1+ShHnu07DN3JeJguig==
  dependencies:
    "@babel/runtime" "^7.20.13"
    "@panva/hkdf" "^1.0.2"
    cookie "^0.7.0"
    jose "^4.15.5"
    oauth "^0.9.15"
    openid-client "^5.4.0"
    preact "^10.6.3"
    preact-render-to-string "^5.1.19"
    uuid "^8.3.2"

next@^15.1.0:
  version "15.5.15"
  resolved "https://registry.yarnpkg.com/next/-/next-15.5.15.tgz#b25a59a232bd992a83da045fa289ee803c23c836"
  integrity sha512-VSqCrJwtLVGwAVE0Sb/yikrQfkwkZW9p+lL/J4+xe+G3ZA+QnWPqgcfH1tDUEuk9y+pthzzVFp4L/U8JerMfMQ==
  dependencies:
    "@next/env" "15.5.15"
    "@swc/helpers" "0.5.15"
    caniuse-lite "^1.0.30001579"
    postcss "8.4.31"
    styled-jsx "5.1.6"
  optionalDependencies:
    "@next/swc-darwin-arm64" "15.5.15"
    "@next/swc-darwin-x64" "15.5.15"
    "@next/swc-linux-arm64-gnu" "15.5.15"
    "@next/swc-linux-arm64-musl" "15.5.15"
    "@next/swc-linux-x64-gnu" "15.5.15"
    "@next/swc-linux-x64-musl" "15.5.15"
    "@next/swc-win32-arm64-msvc" "15.5.15"
    "@next/swc-win32-x64-msvc" "15.5.15"
    sharp "^0.34.3"

oauth@^0.9.15:
  version "0.9.15"
  resolved "https://registry.yarnpkg.com/oauth/-/oauth-0.9.15.tgz#bd1fefaf686c96b75475aed5196412ff60cfb9c1"
  integrity sha512-a5ERWK1kh38ExDEfoO6qUHJb32rd7aYmPHuyCu3Fta/cnICvYmgd2uhuKXvPD+PXB+gCEYYEaQdIRAjCOwAKNA==

object-hash@^2.2.0:
  version "2.2.0"
  resolved "https://registry.yarnpkg.com/object-hash/-/object-hash-2.2.0.tgz#5ad518581eefc443bd763472b8ff2e9c2c0d54a5"
  integrity sha512-gScRMn0bS5fH+IuwyIFgnh9zBdo4DV+6GhygmWM9HyNJSgS0hScp1f5vjtm7oIIOiT9trXrShAkLFSc2IqKNgw==

oidc-token-hash@^5.0.3:
  version "5.2.0"
  resolved "https://registry.yarnpkg.com/oidc-token-hash/-/oidc-token-hash-5.2.0.tgz#be8a8885c7e2478d21a674e15afa31f1bcc4a61f"
  integrity sha512-6gj2m8cJZ+iSW8bm0FXdGF0YhIQbKrfP4yWTNzxc31U6MOjfEmB1rHvlYvxI1B7t7BCi1F2vYTT6YhtQRG4hxw==

openid-client@^5.4.0:
  version "5.7.1"
  resolved "https://registry.yarnpkg.com/openid-client/-/openid-client-5.7.1.tgz#34cace862a3e6472ed7d0a8616ef73b7fb85a9c3"
  integrity sha512-jDBPgSVfTnkIh71Hg9pRvtJc6wTwqjRkN88+gCFtYWrlP4Yx2Dsrow8uPi3qLr/aeymPF3o2+dS+wOpglK04ew==
  dependencies:
    jose "^4.15.9"
    lru-cache "^6.0.0"
    object-hash "^2.2.0"
    oidc-token-hash "^5.0.3"

picocolors@^1.0.0:
  version "1.1.1"
  resolved "https://registry.yarnpkg.com/picocolors/-/picocolors-1.1.1.tgz#3d321af3eab939b083c8f929a1d12cda81c26b6b"
  integrity sha512-xceH2snhtb5M9liqDsmEw56le376mTZkEX/jEb/RxNFyegNul7eNslCXP9FDj/Lcu0X8KEyMceP2ntpaHrDEVA==

postcss@8.4.31:
  version "8.4.31"
  resolved "https://registry.yarnpkg.com/postcss/-/postcss-8.4.31.tgz#92b451050a9f914da6755af352bdc0192508656d"
  integrity sha512-PS08Iboia9mts/2ygV3eLpY5ghnUcfLV/EXTOW1E2qYxJKGGBUtNjN76FYHnMs36RmARn41bC0AZmn+rR0OVpQ==
  dependencies:
    nanoid "^3.3.6"
    picocolors "^1.0.0"
    source-map-js "^1.0.2"

preact-render-to-string@^5.1.19:
  version "5.2.6"
  resolved "https://registry.yarnpkg.com/preact-render-to-string/-/preact-render-to-string-5.2.6.tgz#0ff0c86cd118d30affb825193f18e92bd59d0604"
  integrity sha512-JyhErpYOvBV1hEPwIxc/fHWXPfnEGdRKxc8gFdAZ7XV4tlzyzG847XAyEZqoDnynP88akM4eaHcSOzNcLWFguw==
  dependencies:
    pretty-format "^3.8.0"

preact@^10.6.3:
  version "10.29.1"
  resolved "https://registry.yarnpkg.com/preact/-/preact-10.29.1.tgz#2a5b936efe91cfe1e773cdb55dceb55d148d1d4b"
  integrity sha512-gQCLc/vWroE8lIpleXtdJhTFDogTdZG9AjMUpVkDf2iTCNwYNWA+u16dL41TqUDJO4gm2IgrcMv3uTpjd4Pwmg==

pretty-format@^3.8.0:
  version "3.8.0"
  resolved "https://registry.yarnpkg.com/pretty-format/-/pretty-format-3.8.0.tgz#bfbed56d5e9a776645f4b1ff7aa1a3ac4fa3c385"
  integrity sha512-WuxUnVtlWL1OfZFQFuqvnvs6MiAGk9UNsBostyBOB0Is9wb5uRESevA6rnl/rkksXaGX3GzZhPup5d6Vp1nFew==

react-dom@^19.0.0:
  version "19.2.5"
  resolved "https://registry.yarnpkg.com/react-dom/-/react-dom-19.2.5.tgz#b8768b10837d0b8e9ca5b9e2d58dff3d880ea25e"
  integrity sha512-J5bAZz+DXMMwW/wV3xzKke59Af6CHY7G4uYLN1OvBcKEsWOs4pQExj86BBKamxl/Ik5bx9whOrvBlSDfWzgSag==
  dependencies:
    scheduler "^0.27.0"

react-remove-scroll-bar@^2.3.7:
  version "2.3.8"
  resolved "https://registry.yarnpkg.com/react-remove-scroll-bar/-/react-remove-scroll-bar-2.3.8.tgz#99c20f908ee467b385b68a3469b4a3e750012223"
  integrity sha512-9r+yi9+mgU33AKcj6IbT9oRCO78WriSj6t/cF8DWBZJ9aOGPOTEDvdUDz1FwKim7QXWwmHqtdHnRJfhAxEG46Q==
  dependencies:
    react-style-singleton "^2.2.2"
    tslib "^2.0.0"

react-remove-scroll@^2.6.3:
  version "2.7.2"
  resolved "https://registry.yarnpkg.com/react-remove-scroll/-/react-remove-scroll-2.7.2.tgz#6442da56791117661978ae99cd29be9026fecca0"
  integrity sha512-Iqb9NjCCTt6Hf+vOdNIZGdTiH1QSqr27H/Ek9sv/a97gfueI/5h1s3yRi1nngzMUaOOToin5dI1dXKdXiF+u0Q==
  dependencies:
    react-remove-scroll-bar "^2.3.7"
    react-style-singleton "^2.2.3"
    tslib "^2.1.0"
    use-callback-ref "^1.3.3"
    use-sidecar "^1.1.3"

react-style-singleton@^2.2.2, react-style-singleton@^2.2.3:
  version "2.2.3"
  resolved "https://registry.yarnpkg.com/react-style-singleton/-/react-style-singleton-2.2.3.tgz#4265608be69a4d70cfe3047f2c6c88b2c3ace388"
  integrity sha512-b6jSvxvVnyptAiLjbkWLE/lOnR4lfTtDAl+eUC7RZy+QQWc6wRzIV2CE6xBuMmDxc2qIihtDCZD5NPOFl7fRBQ==
  dependencies:
    get-nonce "^1.0.0"
    tslib "^2.0.0"

react@^19.0.0:
  version "19.2.5"
  resolved "https://registry.yarnpkg.com/react/-/react-19.2.5.tgz#c888ab8b8ef33e2597fae8bdb2d77edbdb42858b"
  integrity sha512-llUJLzz1zTUBrskt2pwZgLq59AemifIftw4aB7JxOqf1HY2FDaGDxgwpAPVzHU1kdWabH7FauP4i1oEeer2WCA==

scheduler@^0.27.0:
  version "0.27.0"
  resolved "https://registry.yarnpkg.com/scheduler/-/scheduler-0.27.0.tgz#0c4ef82d67d1e5c1e359e8fc76d3a87f045fe5bd"
  integrity sha512-eNv+WrVbKu1f3vbYJT/xtiF5syA5HPIMtf9IgY/nKg0sWqzAUEvqY/xm7OcZc/qafLx/iO9FgOmeSAp4v5ti/Q==

semver@^7.7.3:
  version "7.7.4"
  resolved "https://registry.yarnpkg.com/semver/-/semver-7.7.4.tgz#28464e36060e991fa7a11d0279d2d3f3b57a7e8a"
  integrity sha512-vFKC2IEtQnVhpT78h1Yp8wzwrf8CM+MzKMHGJZfBtzhZNycRFnXsHk6E5TxIkkMsgNS7mdX3AGB7x2QM2di4lA==

sharp@^0.34.3:
  version "0.34.5"
  resolved "https://registry.yarnpkg.com/sharp/-/sharp-0.34.5.tgz#b6f148e4b8c61f1797bde11a9d1cfebbae2c57b0"
  integrity sha512-Ou9I5Ft9WNcCbXrU9cMgPBcCK8LiwLqcbywW3t4oDV37n1pzpuNLsYiAV8eODnjbtQlSDwZ2cUEeQz4E54Hltg==
  dependencies:
    "@img/colour" "^1.0.0"
    detect-libc "^2.1.2"
    semver "^7.7.3"
  optionalDependencies:
    "@img/sharp-darwin-arm64" "0.34.5"
    "@img/sharp-darwin-x64" "0.34.5"
    "@img/sharp-libvips-darwin-arm64" "1.2.4"
    "@img/sharp-libvips-darwin-x64" "1.2.4"
    "@img/sharp-libvips-linux-arm" "1.2.4"
    "@img/sharp-libvips-linux-arm64" "1.2.4"
    "@img/sharp-libvips-linux-ppc64" "1.2.4"
    "@img/sharp-libvips-linux-riscv64" "1.2.4"
    "@img/sharp-libvips-linux-s390x" "1.2.4"
    "@img/sharp-libvips-linux-x64" "1.2.4"
    "@img/sharp-libvips-linuxmusl-arm64" "1.2.4"
    "@img/sharp-libvips-linuxmusl-x64" "1.2.4"
    "@img/sharp-linux-arm" "0.34.5"
    "@img/sharp-linux-arm64" "0.34.5"
    "@img/sharp-linux-ppc64" "0.34.5"
    "@img/sharp-linux-riscv64" "0.34.5"
    "@img/sharp-linux-s390x" "0.34.5"
    "@img/sharp-linux-x64" "0.34.5"
    "@img/sharp-linuxmusl-arm64" "0.34.5"
    "@img/sharp-linuxmusl-x64" "0.34.5"
    "@img/sharp-wasm32" "0.34.5"
    "@img/sharp-win32-arm64" "0.34.5"
    "@img/sharp-win32-ia32" "0.34.5"
    "@img/sharp-win32-x64" "0.34.5"

source-map-js@^1.0.2:
  version "1.2.1"
  resolved "https://registry.yarnpkg.com/source-map-js/-/source-map-js-1.2.1.tgz#1ce5650fddd87abc099eda37dcff024c2667ae46"
  integrity sha512-UXWMKhLOwVKb728IUtQPXxfYU+usdybtUrK/8uGE8CQMvrhOpwvzDBwj0QhSL7MQc7vIsISBG8VQ8+IDQxpfQA==

styled-jsx@5.1.6:
  version "5.1.6"
  resolved "https://registry.yarnpkg.com/styled-jsx/-/styled-jsx-5.1.6.tgz#83b90c077e6c6a80f7f5e8781d0f311b2fe41499"
  integrity sha512-qSVyDTeMotdvQYoHWLNGwRFJHC+i+ZvdBRYosOFgC+Wg1vx4frN2/RG/NA7SYqqvKNLf39P2LSRA2pu6n0XYZA==
  dependencies:
    client-only "0.0.1"

tslib@^2.0.0, tslib@^2.1.0, tslib@^2.4.0, tslib@^2.8.0:
  version "2.8.1"
  resolved "https://registry.yarnpkg.com/tslib/-/tslib-2.8.1.tgz#612efe4ed235d567e8aba5f2a5fab70280ade83f"
  integrity sha512-oJFu94HQb+KVduSUQL7wnpmqnfmLsOA/nAh6b6EH0wCEoK0/mPeXU6c3wKDV83MkOuHPRHtSXKKU99IBazS/2w==

typescript@^5.7.0:
  version "5.9.3"
  resolved "https://registry.yarnpkg.com/typescript/-/typescript-5.9.3.tgz#5b4f59e15310ab17a216f5d6cf53ee476ede670f"
  integrity sha512-jl1vZzPDinLr9eUt3J/t7V6FgNEw9QjvBPdysz9KfQDD41fQrC2Y4vKQdiaUpFT4bXlb1RHhLpp8wtm6M5TgSw==

undici-types@~6.21.0:
  version "6.21.0"
  resolved "https://registry.yarnpkg.com/undici-types/-/undici-types-6.21.0.tgz#691d00af3909be93a7faa13be61b3a5b50ef12cb"
  integrity sha512-iwDZqg0QAGrg9Rav5H4n0M64c3mkR59cJ6wQp+7C4nI0gsmExaedaYLNO44eT4AtBBwjbTiGPMlt2Md0T9H9JQ==

use-callback-ref@^1.3.3:
  version "1.3.3"
  resolved "https://registry.yarnpkg.com/use-callback-ref/-/use-callback-ref-1.3.3.tgz#98d9fab067075841c5b2c6852090d5d0feabe2bf"
  integrity sha512-jQL3lRnocaFtu3V00JToYz/4QkNWswxijDaCVNZRiRTO3HQDLsdu1ZtmIUvV4yPp+rvWm5j0y0TG/S61cuijTg==
  dependencies:
    tslib "^2.0.0"

use-sidecar@^1.1.3:
  version "1.1.3"
  resolved "https://registry.yarnpkg.com/use-sidecar/-/use-sidecar-1.1.3.tgz#10e7fd897d130b896e2c546c63a5e8233d00efdb"
  integrity sha512-Fedw0aZvkhynoPYlA5WXrMCAMm+nSWdZt6lzJQ7Ok8S6Q+VsHmHpRWndVRJ8Be0ZbkfPc5LRYH+5XrzXcEeLRQ==
  dependencies:
    detect-node-es "^1.1.0"
    tslib "^2.0.0"

uuid@^8.3.2:
  version "8.3.2"
  resolved "https://registry.yarnpkg.com/uuid/-/uuid-8.3.2.tgz#80d5b5ced271bb9af6c445f21a1a04c606cefbe2"
  integrity sha512-+NYs2QeMWy+GWFOEm9xnn6HCDp0l7QBD7ml8zLUmJ+93Q5NF0NocErnwkTkXVFNiX3/fpC6afS8Dhb/gz7R7eg==

yallist@^4.0.0:
  version "4.0.0"
  resolved "https://registry.yarnpkg.com/yallist/-/yallist-4.0.0.tgz#9bb92790d9c0effec63be73519e11a35019a3a72"
  integrity sha512-3wdGidZyq5PB084XLES5TpOSRA3wjXAlIWMhum2kRcv/41Sn2emQ0dycQW4uZXLejwKvg6EsvbdlVL+FYEct7A==
